
Microsoft Visual Studio Solution File, Format Version 12.00
# Visual Studio Version 16
VisualStudioVersion = 16.0.30711.63
MinimumVisualStudioVersion = 10.0.40219.1
Project("{FAE04EC0-301F-11D3-BF4B-00C04F79EFBC}") = "TestDocker1", "TestDocker1.csproj", "{13425FDA-C354-4AB7-A0C9-19E7B435F824}"
EndProject
Global
	GlobalSection(SolutionConfigurationPlatforms) = preSolution
		Debug|Any CPU = Debug|Any CPU
		Release|Any CPU = Release|Any CPU
	EndGlobalSection
	GlobalSection(ProjectConfigurationPlatforms) = postSolution
		{13425FDA-C354-4AB7-A0C9-19E7B435F824}.Debug|Any CPU.ActiveCfg = Debug|Any CPU
		{13425FDA-C354-4AB7-A0C9-19E7B435F824}.Debug|Any CPU.Build.0 = Debug|Any CPU
		{13425FDA-C354-4AB7-A0C9-19E7B435F824}.Release|Any CPU.ActiveCfg = Release|Any CPU
		{13425FDA-C354-4AB7-A0C9-19E7B435F824}.Release|Any CPU.Build.0 = Release|Any CPU
	EndGlobalSection
	GlobalSection(SolutionProperties) = preSolution
		HideSolutionNode = FALSE
	EndGlobalSection
	GlobalSection(ExtensibilityGlobals) = postSolution
		SolutionGuid = {42AD51B6-2F47-4986-9A31-62431E75616C}
	EndGlobalSection
EndGlobal
